// !$*UTF8*$!
{
	archiveVersion = 1;
	classes = {
	};
	objectVersion = 46;
	objects = {

/* Begin PBXBuildFile section */
		132BEE251D5B44CE00F5F7C4 /* GameKit.framework in Frameworks */ = {isa = PBXBuildFile; fileRef = 132BEE241D5B44CE00F5F7C4 /* GameKit.framework */; };
		13627DBF1DBC998700F497AC /* GodDetailViewController.swift in Sources */ = {isa = PBXBuildFile; fileRef = 13627DBE1DBC998700F497AC /* GodDetailViewController.swift */; };
		136A2CA11D422A88004EF77E /* AppDelegate.swift in Sources */ = {isa = PBXBuildFile; fileRef = 136A2CA01D422A88004EF77E /* AppDelegate.swift */; };
		136A2CA31D422A88004EF77E /* ShrineListViewController.swift in Sources */ = {isa = PBXBuildFile; fileRef = 136A2CA21D422A88004EF77E /* ShrineListViewController.swift */; };
		136A2CA51D422A88004EF77E /* ShrineDetailViewController.swift in Sources */ = {isa = PBXBuildFile; fileRef = 136A2CA41D422A88004EF77E /* ShrineDetailViewController.swift */; };
		136A2CA81D422A88004EF77E /* Main.storyboard in Resources */ = {isa = PBXBuildFile; fileRef = 136A2CA61D422A88004EF77E /* Main.storyboard */; };
		136A2CAA1D422A88004EF77E /* Assets.xcassets in Resources */ = {isa = PBXBuildFile; fileRef = 136A2CA91D422A88004EF77E /* Assets.xcassets */; };
		136A2CAD1D422A88004EF77E /* LaunchScreen.storyboard in Resources */ = {isa = PBXBuildFile; fileRef = 136A2CAB1D422A88004EF77E /* LaunchScreen.storyboard */; };
		136A2CB81D422A88004EF77E /* takachiho_goTests.swift in Sources */ = {isa = PBXBuildFile; fileRef = 136A2CB71D422A88004EF77E /* takachiho_goTests.swift */; };
		136A2CC31D422A88004EF77E /* takachiho_goUITests.swift in Sources */ = {isa = PBXBuildFile; fileRef = 136A2CC21D422A88004EF77E /* takachiho_goUITests.swift */; };
		136A2CD11D422C70004EF77E /* MapKit.framework in Frameworks */ = {isa = PBXBuildFile; fileRef = 136A2CD01D422C70004EF77E /* MapKit.framework */; };
		136A2CD31D422CB1004EF77E /* MapViewController.swift in Sources */ = {isa = PBXBuildFile; fileRef = 136A2CD21D422CB1004EF77E /* MapViewController.swift */; };
		136A2CD51D423318004EF77E /* CoreLocation.framework in Frameworks */ = {isa = PBXBuildFile; fileRef = 136A2CD41D423318004EF77E /* CoreLocation.framework */; };
		13AB6CD71D44D579006C5777 /* OverlayView.swift in Sources */ = {isa = PBXBuildFile; fileRef = 13AB6CD61D44D579006C5777 /* OverlayView.swift */; };
		13B8067E1DD744160010408A /* WebcamViewController.swift in Sources */ = {isa = PBXBuildFile; fileRef = 13B8067D1DD744160010408A /* WebcamViewController.swift */; };
		13CD41881D435D0A000726DD /* Points.swift in Sources */ = {isa = PBXBuildFile; fileRef = 13CD41871D435D0A000726DD /* Points.swift */; };
		13CD418A1D449692000726DD /* Utils.swift in Sources */ = {isa = PBXBuildFile; fileRef = 13CD41891D449692000726DD /* Utils.swift */; };
		13DB3CDC1DB20D770073B94C /* CreditViewController.swift in Sources */ = {isa = PBXBuildFile; fileRef = 13DB3CDB1DB20D770073B94C /* CreditViewController.swift */; };
		13DB3CDE1DB218BB0073B94C /* Credits.swift in Sources */ = {isa = PBXBuildFile; fileRef = 13DB3CDD1DB218BB0073B94C /* Credits.swift */; };
		8A620F091DB0CB4F002BDE09 /* GodListViewController.swift in Sources */ = {isa = PBXBuildFile; fileRef = 8A620F081DB0CB4F002BDE09 /* GodListViewController.swift */; };
		8A620F0B1DB0CEE2002BDE09 /* Gods.swift in Sources */ = {isa = PBXBuildFile; fileRef = 8A620F0A1DB0CEE2002BDE09 /* Gods.swift */; };
/* End PBXBuildFile section */

/* Begin PBXContainerItemProxy section */
		136A2CB41D422A88004EF77E /* PBXContainerItemProxy */ = {
			isa = PBXContainerItemProxy;
			containerPortal = 136A2C951D422A88004EF77E /* Project object */;
			proxyType = 1;
			remoteGlobalIDString = 136A2C9C1D422A88004EF77E;
			remoteInfo = "takachiho-go";
		};
		136A2CBF1D422A88004EF77E /* PBXContainerItemProxy */ = {
			isa = PBXContainerItemProxy;
			containerPortal = 136A2C951D422A88004EF77E /* Project object */;
			proxyType = 1;
			remoteGlobalIDString = 136A2C9C1D422A88004EF77E;
			remoteInfo = "takachiho-go";
		};
/* End PBXContainerItemProxy section */

/* Begin PBXFileReference section */
		132BEE241D5B44CE00F5F7C4 /* GameKit.framework */ = {isa = PBXFileReference; lastKnownFileType = wrapper.framework; name = GameKit.framework; path = System/Library/Frameworks/GameKit.framework; sourceTree = SDKROOT; };
		13627DBE1DBC998700F497AC /* GodDetailViewController.swift */ = {isa = PBXFileReference; fileEncoding = 4; lastKnownFileType = sourcecode.swift; path = GodDetailViewController.swift; sourceTree = "<group>"; };
		136A2C9D1D422A88004EF77E /* takachiho-go.app */ = {isa = PBXFileReference; explicitFileType = wrapper.application; includeInIndex = 0; path = "takachiho-go.app"; sourceTree = BUILT_PRODUCTS_DIR; };
		136A2CA01D422A88004EF77E /* AppDelegate.swift */ = {isa = PBXFileReference; lastKnownFileType = sourcecode.swift; path = AppDelegate.swift; sourceTree = "<group>"; };
		136A2CA21D422A88004EF77E /* ShrineListViewController.swift */ = {isa = PBXFileReference; lastKnownFileType = sourcecode.swift; path = ShrineListViewController.swift; sourceTree = "<group>"; };
		136A2CA41D422A88004EF77E /* ShrineDetailViewController.swift */ = {isa = PBXFileReference; lastKnownFileType = sourcecode.swift; path = ShrineDetailViewController.swift; sourceTree = "<group>"; };
		136A2CA71D422A88004EF77E /* Base */ = {isa = PBXFileReference; lastKnownFileType = file.storyboard; name = Base; path = Base.lproj/Main.storyboard; sourceTree = "<group>"; };
		136A2CA91D422A88004EF77E /* Assets.xcassets */ = {isa = PBXFileReference; lastKnownFileType = folder.assetcatalog; path = Assets.xcassets; sourceTree = "<group>"; };
		136A2CAC1D422A88004EF77E /* Base */ = {isa = PBXFileReference; lastKnownFileType = file.storyboard; name = Base; path = Base.lproj/LaunchScreen.storyboard; sourceTree = "<group>"; };
		136A2CAE1D422A88004EF77E /* Info.plist */ = {isa = PBXFileReference; lastKnownFileType = text.plist.xml; path = Info.plist; sourceTree = "<group>"; };
		136A2CB31D422A88004EF77E /* takachiho-goTests.xctest */ = {isa = PBXFileReference; explicitFileType = wrapper.cfbundle; includeInIndex = 0; path = "takachiho-goTests.xctest"; sourceTree = BUILT_PRODUCTS_DIR; };
		136A2CB71D422A88004EF77E /* takachiho_goTests.swift */ = {isa = PBXFileReference; lastKnownFileType = sourcecode.swift; path = takachiho_goTests.swift; sourceTree = "<group>"; };
		136A2CB91D422A88004EF77E /* Info.plist */ = {isa = PBXFileReference; lastKnownFileType = text.plist.xml; path = Info.plist; sourceTree = "<group>"; };
		136A2CBE1D422A88004EF77E /* takachiho-goUITests.xctest */ = {isa = PBXFileReference; explicitFileType = wrapper.cfbundle; includeInIndex = 0; path = "takachiho-goUITests.xctest"; sourceTree = BUILT_PRODUCTS_DIR; };
		136A2CC21D422A88004EF77E /* takachiho_goUITests.swift */ = {isa = PBXFileReference; lastKnownFileType = sourcecode.swift; path = takachiho_goUITests.swift; sourceTree = "<group>"; };
		136A2CC41D422A88004EF77E /* Info.plist */ = {isa = PBXFileReference; lastKnownFileType = text.plist.xml; path = Info.plist; sourceTree = "<group>"; };
		136A2CD01D422C70004EF77E /* MapKit.framework */ = {isa = PBXFileReference; lastKnownFileType = wrapper.framework; name = MapKit.framework; path = System/Library/Frameworks/MapKit.framework; sourceTree = SDKROOT; };
		136A2CD21D422CB1004EF77E /* MapViewController.swift */ = {isa = PBXFileReference; fileEncoding = 4; lastKnownFileType = sourcecode.swift; path = MapViewController.swift; sourceTree = "<group>"; };
		136A2CD41D423318004EF77E /* CoreLocation.framework */ = {isa = PBXFileReference; lastKnownFileType = wrapper.framework; name = CoreLocation.framework; path = System/Library/Frameworks/CoreLocation.framework; sourceTree = SDKROOT; };
		13AB6CD61D44D579006C5777 /* OverlayView.swift */ = {isa = PBXFileReference; fileEncoding = 4; lastKnownFileType = sourcecode.swift; path = OverlayView.swift; sourceTree = "<group>"; };
		13B8067D1DD744160010408A /* WebcamViewController.swift */ = {isa = PBXFileReference; fileEncoding = 4; lastKnownFileType = sourcecode.swift; path = WebcamViewController.swift; sourceTree = "<group>"; };
		13CD41871D435D0A000726DD /* Points.swift */ = {isa = PBXFileReference; fileEncoding = 4; lastKnownFileType = sourcecode.swift; path = Points.swift; sourceTree = "<group>"; };
		13CD41891D449692000726DD /* Utils.swift */ = {isa = PBXFileReference; fileEncoding = 4; lastKnownFileType = sourcecode.swift; path = Utils.swift; sourceTree = "<group>"; };
		13CD418B1D44AF3B000726DD /* iAd.framework */ = {isa = PBXFileReference; lastKnownFileType = wrapper.framework; name = iAd.framework; path = System/Library/Frameworks/iAd.framework; sourceTree = SDKROOT; };
		13DB3CDB1DB20D770073B94C /* CreditViewController.swift */ = {isa = PBXFileReference; fileEncoding = 4; lastKnownFileType = sourcecode.swift; path = CreditViewController.swift; sourceTree = "<group>"; };
		13DB3CDD1DB218BB0073B94C /* Credits.swift */ = {isa = PBXFileReference; fileEncoding = 4; lastKnownFileType = sourcecode.swift; path = Credits.swift; sourceTree = "<group>"; };
		8A620F081DB0CB4F002BDE09 /* GodListViewController.swift */ = {isa = PBXFileReference; fileEncoding = 4; lastKnownFileType = sourcecode.swift; path = GodListViewController.swift; sourceTree = "<group>"; };
		8A620F0A1DB0CEE2002BDE09 /* Gods.swift */ = {isa = PBXFileReference; fileEncoding = 4; lastKnownFileType = sourcecode.swift; path = Gods.swift; sourceTree = "<group>"; };
/* End PBXFileReference section */

/* Begin PBXFrameworksBuildPhase section */
		136A2C9A1D422A88004EF77E /* Frameworks */ = {
			isa = PBXFrameworksBuildPhase;
			buildActionMask = 2147483647;
			files = (
				132BEE251D5B44CE00F5F7C4 /* GameKit.framework in Frameworks */,
				136A2CD51D423318004EF77E /* CoreLocation.framework in Frameworks */,
				136A2CD11D422C70004EF77E /* MapKit.framework in Frameworks */,
			);
			runOnlyForDeploymentPostprocessing = 0;
		};
		136A2CB01D422A88004EF77E /* Frameworks */ = {
			isa = PBXFrameworksBuildPhase;
			buildActionMask = 2147483647;
			files = (
			);
			runOnlyForDeploymentPostprocessing = 0;
		};
		136A2CBB1D422A88004EF77E /* Frameworks */ = {
			isa = PBXFrameworksBuildPhase;
			buildActionMask = 2147483647;
			files = (
			);
			runOnlyForDeploymentPostprocessing = 0;
		};
/* End PBXFrameworksBuildPhase section */

/* Begin PBXGroup section */
		136A2C941D422A88004EF77E = {
			isa = PBXGroup;
			children = (
				132BEE241D5B44CE00F5F7C4 /* GameKit.framework */,
				13CD418B1D44AF3B000726DD /* iAd.framework */,
				136A2CD41D423318004EF77E /* CoreLocation.framework */,
				136A2CD01D422C70004EF77E /* MapKit.framework */,
				136A2C9F1D422A88004EF77E /* TakachihoGO */,
				136A2CB61D422A88004EF77E /* takachiho-goTests */,
				136A2CC11D422A88004EF77E /* takachiho-goUITests */,
				136A2C9E1D422A88004EF77E /* Products */,
			);
			sourceTree = "<group>";
		};
		136A2C9E1D422A88004EF77E /* Products */ = {
			isa = PBXGroup;
			children = (
				136A2C9D1D422A88004EF77E /* takachiho-go.app */,
				136A2CB31D422A88004EF77E /* takachiho-goTests.xctest */,
				136A2CBE1D422A88004EF77E /* takachiho-goUITests.xctest */,
			);
			name = Products;
			sourceTree = "<group>";
		};
		136A2C9F1D422A88004EF77E /* TakachihoGO */ = {
			isa = PBXGroup;
			children = (
				136A2CA01D422A88004EF77E /* AppDelegate.swift */,
				13DB3CDB1DB20D770073B94C /* CreditViewController.swift */,
				136A2CA21D422A88004EF77E /* ShrineListViewController.swift */,
				136A2CA41D422A88004EF77E /* ShrineDetailViewController.swift */,
				8A620F081DB0CB4F002BDE09 /* GodListViewController.swift */,
				13627DBE1DBC998700F497AC /* GodDetailViewController.swift */,
				136A2CD21D422CB1004EF77E /* MapViewController.swift */,
				13B8067D1DD744160010408A /* WebcamViewController.swift */,
				136A2CA61D422A88004EF77E /* Main.storyboard */,
				136A2CA91D422A88004EF77E /* Assets.xcassets */,
				136A2CAB1D422A88004EF77E /* LaunchScreen.storyboard */,
				136A2CAE1D422A88004EF77E /* Info.plist */,
				13CD41871D435D0A000726DD /* Points.swift */,
				8A620F0A1DB0CEE2002BDE09 /* Gods.swift */,
				13DB3CDD1DB218BB0073B94C /* Credits.swift */,
				13CD41891D449692000726DD /* Utils.swift */,
				13AB6CD61D44D579006C5777 /* OverlayView.swift */,
			);
			name = TakachihoGO;
			path = "takachiho-go";
			sourceTree = "<group>";
		};
		136A2CB61D422A88004EF77E /* takachiho-goTests */ = {
			isa = PBXGroup;
			children = (
				136A2CB71D422A88004EF77E /* takachiho_goTests.swift */,
				136A2CB91D422A88004EF77E /* Info.plist */,
			);
			path = "takachiho-goTests";
			sourceTree = "<group>";
		};
		136A2CC11D422A88004EF77E /* takachiho-goUITests */ = {
			isa = PBXGroup;
			children = (
				136A2CC21D422A88004EF77E /* takachiho_goUITests.swift */,
				136A2CC41D422A88004EF77E /* Info.plist */,
			);
			path = "takachiho-goUITests";
			sourceTree = "<group>";
		};
/* End PBXGroup section */

/* Begin PBXNativeTarget section */
		136A2C9C1D422A88004EF77E /* takachiho-go */ = {
			isa = PBXNativeTarget;
			buildConfigurationList = 136A2CC71D422A88004EF77E /* Build configuration list for PBXNativeTarget "takachiho-go" */;
			buildPhases = (
				136A2C991D422A88004EF77E /* Sources */,
				136A2C9A1D422A88004EF77E /* Frameworks */,
				136A2C9B1D422A88004EF77E /* Resources */,
			);
			buildRules = (
			);
			dependencies = (
			);
			name = "takachiho-go";
			productName = "takachiho-go";
			productReference = 136A2C9D1D422A88004EF77E /* takachiho-go.app */;
			productType = "com.apple.product-type.application";
		};
		136A2CB21D422A88004EF77E /* takachiho-goTests */ = {
			isa = PBXNativeTarget;
			buildConfigurationList = 136A2CCA1D422A88004EF77E /* Build configuration list for PBXNativeTarget "takachiho-goTests" */;
			buildPhases = (
				136A2CAF1D422A88004EF77E /* Sources */,
				136A2CB01D422A88004EF77E /* Frameworks */,
				136A2CB11D422A88004EF77E /* Resources */,
			);
			buildRules = (
			);
			dependencies = (
				136A2CB51D422A88004EF77E /* PBXTargetDependency */,
			);
			name = "takachiho-goTests";
			productName = "takachiho-goTests";
			productReference = 136A2CB31D422A88004EF77E /* takachiho-goTests.xctest */;
			productType = "com.apple.product-type.bundle.unit-test";
		};
		136A2CBD1D422A88004EF77E /* takachiho-goUITests */ = {
			isa = PBXNativeTarget;
			buildConfigurationList = 136A2CCD1D422A88004EF77E /* Build configuration list for PBXNativeTarget "takachiho-goUITests" */;
			buildPhases = (
				136A2CBA1D422A88004EF77E /* Sources */,
				136A2CBB1D422A88004EF77E /* Frameworks */,
				136A2CBC1D422A88004EF77E /* Resources */,
			);
			buildRules = (
			);
			dependencies = (
				136A2CC01D422A88004EF77E /* PBXTargetDependency */,
			);
			name = "takachiho-goUITests";
			productName = "takachiho-goUITests";
			productReference = 136A2CBE1D422A88004EF77E /* takachiho-goUITests.xctest */;
			productType = "com.apple.product-type.bundle.ui-testing";
		};
/* End PBXNativeTarget section */

/* Begin PBXProject section */
		136A2C951D422A88004EF77E /* Project object */ = {
			isa = PBXProject;
			attributes = {
				LastSwiftUpdateCheck = 0730;
				LastUpgradeCheck = 0800;
				ORGANIZATIONNAME = mihha;
				TargetAttributes = {
					136A2C9C1D422A88004EF77E = {
						CreatedOnToolsVersion = 7.3.1;
						DevelopmentTeam = QRSEDBU25M;
						LastSwiftMigration = 0800;
					};
					136A2CB21D422A88004EF77E = {
						CreatedOnToolsVersion = 7.3.1;
						LastSwiftMigration = 0800;
						TestTargetID = 136A2C9C1D422A88004EF77E;
					};
					136A2CBD1D422A88004EF77E = {
						CreatedOnToolsVersion = 7.3.1;
						LastSwiftMigration = 0800;
						TestTargetID = 136A2C9C1D422A88004EF77E;
					};
				};
			};
			buildConfigurationList = 136A2C981D422A88004EF77E /* Build configuration list for PBXProject "MtsudairaGO" */;
			compatibilityVersion = "Xcode 3.2";
			developmentRegion = English;
			hasScannedForEncodings = 0;
			knownRegions = (
				en,
				Base,
			);
			mainGroup = 136A2C941D422A88004EF77E;
			productRefGroup = 136A2C9E1D422A88004EF77E /* Products */;
			projectDirPath = "";
			projectRoot = "";
			targets = (
				136A2C9C1D422A88004EF77E /* takachiho-go */,
				136A2CB21D422A88004EF77E /* takachiho-goTests */,
				136A2CBD1D422A88004EF77E /* takachiho-goUITests */,
			);
		};
/* End PBXProject section */

/* Begin PBXResourcesBuildPhase section */
		136A2C9B1D422A88004EF77E /* Resources */ = {
			isa = PBXResourcesBuildPhase;
			buildActionMask = 2147483647;
			files = (
				136A2CAD1D422A88004EF77E /* LaunchScreen.storyboard in Resources */,
				136A2CAA1D422A88004EF77E /* Assets.xcassets in Resources */,
				136A2CA81D422A88004EF77E /* Main.storyboard in Resources */,
			);
			runOnlyForDeploymentPostprocessing = 0;
		};
		136A2CB11D422A88004EF77E /* Resources */ = {
			isa = PBXResourcesBuildPhase;
			buildActionMask = 2147483647;
			files = (
			);
			runOnlyForDeploymentPostprocessing = 0;
		};
		136A2CBC1D422A88004EF77E /* Resources */ = {
			isa = PBXResourcesBuildPhase;
			buildActionMask = 2147483647;
			files = (
			);
			runOnlyForDeploymentPostprocessing = 0;
		};
/* End PBXResourcesBuildPhase section */

/* Begin PBXSourcesBuildPhase section */
		136A2C991D422A88004EF77E /* Sources */ = {
			isa = PBXSourcesBuildPhase;
			buildActionMask = 2147483647;
			files = (
				13B8067E1DD744160010408A /* WebcamViewController.swift in Sources */,
				8A620F0B1DB0CEE2002BDE09 /* Gods.swift in Sources */,
				136A2CA51D422A88004EF77E /* ShrineDetailViewController.swift in Sources */,
				136A2CA31D422A88004EF77E /* ShrineListViewController.swift in Sources */,
				13AB6CD71D44D579006C5777 /* OverlayView.swift in Sources */,
				13627DBF1DBC998700F497AC /* GodDetailViewController.swift in Sources */,
				8A620F091DB0CB4F002BDE09 /* GodListViewController.swift in Sources */,
				13DB3CDE1DB218BB0073B94C /* Credits.swift in Sources */,
				136A2CA11D422A88004EF77E /* AppDelegate.swift in Sources */,
				13CD41881D435D0A000726DD /* Points.swift in Sources */,
				13DB3CDC1DB20D770073B94C /* CreditViewController.swift in Sources */,
				136A2CD31D422CB1004EF77E /* MapViewController.swift in Sources */,
				13CD418A1D449692000726DD /* Utils.swift in Sources */,
			);
			runOnlyForDeploymentPostprocessing = 0;
		};
		136A2CAF1D422A88004EF77E /* Sources */ = {
			isa = PBXSourcesBuildPhase;
			buildActionMask = 2147483647;
			files = (
				136A2CB81D422A88004EF77E /* takachiho_goTests.swift in Sources */,
			);
			runOnlyForDeploymentPostprocessing = 0;
		};
		136A2CBA1D422A88004EF77E /* Sources */ = {
			isa = PBXSourcesBuildPhase;
			buildActionMask = 2147483647;
			files = (
				136A2CC31D422A88004EF77E /* takachiho_goUITests.swift in Sources */,
			);
			runOnlyForDeploymentPostprocessing = 0;
		};
/* End PBXSourcesBuildPhase section */

/* Begin PBXTargetDependency section */
		136A2CB51D422A88004EF77E /* PBXTargetDependency */ = {
			isa = PBXTargetDependency;
			target = 136A2C9C1D422A88004EF77E /* takachiho-go */;
			targetProxy = 136A2CB41D422A88004EF77E /* PBXContainerItemProxy */;
		};
		136A2CC01D422A88004EF77E /* PBXTargetDependency */ = {
			isa = PBXTargetDependency;
			target = 136A2C9C1D422A88004EF77E /* takachiho-go */;
			targetProxy = 136A2CBF1D422A88004EF77E /* PBXContainerItemProxy */;
		};
/* End PBXTargetDependency section */

/* Begin PBXVariantGroup section */
		136A2CA61D422A88004EF77E /* Main.storyboard */ = {
			isa = PBXVariantGroup;
			children = (
				136A2CA71D422A88004EF77E /* Base */,
			);
			name = Main.storyboard;
			sourceTree = "<group>";
		};
		136A2CAB1D422A88004EF77E /* LaunchScreen.storyboard */ = {
			isa = PBXVariantGroup;
			children = (
				136A2CAC1D422A88004EF77E /* Base */,
			);
			name = LaunchScreen.storyboard;
			sourceTree = "<group>";
		};
/* End PBXVariantGroup section */

/* Begin XCBuildConfiguration section */
		136A2CC51D422A88004EF77E /* Debug */ = {
			isa = XCBuildConfiguration;
			buildSettings = {
				ALWAYS_SEARCH_USER_PATHS = NO;
				CLANG_ANALYZER_NONNULL = YES;
				CLANG_CXX_LANGUAGE_STANDARD = "gnu++0x";
				CLANG_CXX_LIBRARY = "libc++";
				CLANG_ENABLE_MODULES = YES;
				CLANG_ENABLE_OBJC_ARC = YES;
				CLANG_WARN_BOOL_CONVERSION = YES;
				CLANG_WARN_CONSTANT_CONVERSION = YES;
				CLANG_WARN_DIRECT_OBJC_ISA_USAGE = YES_ERROR;
				CLANG_WARN_EMPTY_BODY = YES;
				CLANG_WARN_ENUM_CONVERSION = YES;
				CLANG_WARN_INFINITE_RECURSION = YES;
				CLANG_WARN_INT_CONVERSION = YES;
				CLANG_WARN_OBJC_ROOT_CLASS = YES_ERROR;
				CLANG_WARN_SUSPICIOUS_MOVE = YES;
				CLANG_WARN_UNREACHABLE_CODE = YES;
				CLANG_WARN__DUPLICATE_METHOD_MATCH = YES;
				"CODE_SIGN_IDENTITY[sdk=iphoneos*]" = "iPhone Developer";
				COPY_PHASE_STRIP = NO;
				DEBUG_INFORMATION_FORMAT = dwarf;
				ENABLE_STRICT_OBJC_MSGSEND = YES;
				ENABLE_TESTABILITY = YES;
				GCC_C_LANGUAGE_STANDARD = gnu99;
				GCC_DYNAMIC_NO_PIC = NO;
				GCC_NO_COMMON_BLOCKS = YES;
				GCC_OPTIMIZATION_LEVEL = 0;
				GCC_PREPROCESSOR_DEFINITIONS = (
					"DEBUG=1",
					"$(inherited)",
				);
				GCC_WARN_64_TO_32_BIT_CONVERSION = YES;
				GCC_WARN_ABOUT_RETURN_TYPE = YES_ERROR;
				GCC_WARN_UNDECLARED_SELECTOR = YES;
				GCC_WARN_UNINITIALIZED_AUTOS = YES_AGGRESSIVE;
				GCC_WARN_UNUSED_FUNCTION = YES;
				GCC_WARN_UNUSED_VARIABLE = YES;
				IPHONEOS_DEPLOYMENT_TARGET = 9.3;
				MTL_ENABLE_DEBUG_INFO = YES;
				ONLY_ACTIVE_ARCH = YES;
				SDKROOT = iphoneos;
				SWIFT_OPTIMIZATION_LEVEL = "-Onone";
			};
			name = Debug;
		};
		136A2CC61D422A88004EF77E /* Release */ = {
			isa = XCBuildConfiguration;
			buildSettings = {
				ALWAYS_SEARCH_USER_PATHS = NO;
				CLANG_ANALYZER_NONNULL = YES;
				CLANG_CXX_LANGUAGE_STANDARD = "gnu++0x";
				CLANG_CXX_LIBRARY = "libc++";
				CLANG_ENABLE_MODULES = YES;
				CLANG_ENABLE_OBJC_ARC = YES;
				CLANG_WARN_BOOL_CONVERSION = YES;
				CLANG_WARN_CONSTANT_CONVERSION = YES;
				CLANG_WARN_DIRECT_OBJC_ISA_USAGE = YES_ERROR;
				CLANG_WARN_EMPTY_BODY = YES;
				CLANG_WARN_ENUM_CONVERSION = YES;
				CLANG_WARN_INFINITE_RECURSION = YES;
				CLANG_WARN_INT_CONVERSION = YES;
				CLANG_WARN_OBJC_ROOT_CLASS = YES_ERROR;
				CLANG_WARN_SUSPICIOUS_MOVE = YES;
				CLANG_WARN_UNREACHABLE_CODE = YES;
				CLANG_WARN__DUPLICATE_METHOD_MATCH = YES;
				"CODE_SIGN_IDENTITY[sdk=iphoneos*]" = "iPhone Developer";
				COPY_PHASE_STRIP = NO;
				DEBUG_INFORMATION_FORMAT = "dwarf-with-dsym";
				ENABLE_NS_ASSERTIONS = NO;
				ENABLE_STRICT_OBJC_MSGSEND = YES;
				GCC_C_LANGUAGE_STANDARD = gnu99;
				GCC_NO_COMMON_BLOCKS = YES;
				GCC_WARN_64_TO_32_BIT_CONVERSION = YES;
				GCC_WARN_ABOUT_RETURN_TYPE = YES_ERROR;
				GCC_WARN_UNDECLARED_SELECTOR = YES;
				GCC_WARN_UNINITIALIZED_AUTOS = YES_AGGRESSIVE;
				GCC_WARN_UNUSED_FUNCTION = YES;
				GCC_WARN_UNUSED_VARIABLE = YES;
				IPHONEOS_DEPLOYMENT_TARGET = 9.3;
				MTL_ENABLE_DEBUG_INFO = NO;
				SDKROOT = iphoneos;
				SWIFT_OPTIMIZATION_LEVEL = "-Owholemodule";
				VALIDATE_PRODUCT = YES;
			};
			name = Release;
		};
		136A2CC81D422A88004EF77E /* Debug */ = {
			isa = XCBuildConfiguration;
			buildSettings = {
				ASSETCATALOG_COMPILER_APPICON_NAME = AppIcon;
				CODE_SIGN_IDENTITY = "iPhone Developer";
				"CODE_SIGN_IDENTITY[sdk=iphoneos*]" = "iPhone Developer";
				DEVELOPMENT_TEAM = NU78774256;
				INFOPLIST_FILE = "takachiho-go/Info.plist";
				IPHONEOS_DEPLOYMENT_TARGET = 9.0;
				LD_RUNPATH_SEARCH_PATHS = "$(inherited) @executable_path/Frameworks";
				"OTHER_SWIFT_FLAGS[arch=*]" = "-D DEBUG";
				PRODUCT_BUNDLE_IDENTIFIER = com.mihha;
				PRODUCT_NAME = "$(TARGET_NAME)";
				PROVISIONING_PROFILE = "";
				SWIFT_VERSION = 3.0;
			};
			name = Debug;
		};
		136A2CC91D422A88004EF77E /* Release */ = {
			isa = XCBuildConfiguration;
			buildSettings = {
				ASSETCATALOG_COMPILER_APPICON_NAME = AppIcon;
				CODE_SIGN_IDENTITY = "iPhone Developer";
				"CODE_SIGN_IDENTITY[sdk=iphoneos*]" = "iPhone Developer";
				DEVELOPMENT_TEAM = NU78774256;
				INFOPLIST_FILE = "takachiho-go/Info.plist";
				IPHONEOS_DEPLOYMENT_TARGET = 9.0;
				LD_RUNPATH_SEARCH_PATHS = "$(inherited) @executable_path/Frameworks";
				PRODUCT_BUNDLE_IDENTIFIER = com.mihha;
				PRODUCT_NAME = "$(TARGET_NAME)";
				PROVISIONING_PROFILE = "";
				SWIFT_VERSION = 3.0;
			};
			name = Release;
		};
		136A2CCB1D422A88004EF77E /* Debug */ = {
			isa = XCBuildConfiguration;
			buildSettings = {
				BUNDLE_LOADER = "$(TEST_HOST)";
				INFOPLIST_FILE = "takachiho-goTests/Info.plist";
				LD_RUNPATH_SEARCH_PATHS = "$(inherited) @executable_path/Frameworks @loader_path/Frameworks";
				PRODUCT_BUNDLE_IDENTIFIER = "net.lmlab.takachiho-goTests";
				PRODUCT_NAME = "$(TARGET_NAME)";
				SWIFT_VERSION = 3.0;
				TEST_HOST = "$(BUILT_PRODUCTS_DIR)/takachiho-go.app/takachiho-go";
			};
			name = Debug;
		};
		136A2CCC1D422A88004EF77E /* Release */ = {
			isa = XCBuildConfiguration;
			buildSettings = {
				BUNDLE_LOADER = "$(TEST_HOST)";
				INFOPLIST_FILE = "takachiho-goTests/Info.plist";
				LD_RUNPATH_SEARCH_PATHS = "$(inherited) @executable_path/Frameworks @loader_path/Frameworks";
				PRODUCT_BUNDLE_IDENTIFIER = "net.lmlab.takachiho-goTests";
				PRODUCT_NAME = "$(TARGET_NAME)";
				SWIFT_VERSION = 3.0;
				TEST_HOST = "$(BUILT_PRODUCTS_DIR)/takachiho-go.app/takachiho-go";
			};
			name = Release;
		};
		136A2CCE1D422A88004EF77E /* Debug */ = {
			isa = XCBuildConfiguration;
			buildSettings = {
				INFOPLIST_FILE = "takachiho-goUITests/Info.plist";
				LD_RUNPATH_SEARCH_PATHS = "$(inherited) @executable_path/Frameworks @loader_path/Frameworks";
				PRODUCT_BUNDLE_IDENTIFIER = "net.lmlab.takachiho-goUITests";
				PRODUCT_NAME = "$(TARGET_NAME)";
				SWIFT_VERSION = 3.0;
				TEST_TARGET_NAME = "takachiho-go";
			};
			name = Debug;
		};
		136A2CCF1D422A88004EF77E /* Release */ = {
			isa = XCBuildConfiguration;
			buildSettings = {
				INFOPLIST_FILE = "takachiho-goUITests/Info.plist";
				LD_RUNPATH_SEARCH_PATHS = "$(inherited) @executable_path/Frameworks @loader_path/Frameworks";
				PRODUCT_BUNDLE_IDENTIFIER = "net.lmlab.takachiho-goUITests";
				PRODUCT_NAME = "$(TARGET_NAME)";
				SWIFT_VERSION = 3.0;
				TEST_TARGET_NAME = "takachiho-go";
			};
			name = Release;
		};
/* End XCBuildConfiguration section */

/* Begin XCConfigurationList section */
		136A2C981D422A88004EF77E /* Build configuration list for PBXProject "MtsudairaGO" */ = {
			isa = XCConfigurationList;
			buildConfigurations = (
				136A2CC51D422A88004EF77E /* Debug */,
				136A2CC61D422A88004EF77E /* Release */,
			);
			defaultConfigurationIsVisible = 0;
			defaultConfigurationName = Release;
		};
		136A2CC71D422A88004EF77E /* Build configuration list for PBXNativeTarget "takachiho-go" */ = {
			isa = XCConfigurationList;
			buildConfigurations = (
				136A2CC81D422A88004EF77E /* Debug */,
				136A2CC91D422A88004EF77E /* Release */,
			);
			defaultConfigurationIsVisible = 0;
			defaultConfigurationName = Release;
		};
		136A2CCA1D422A88004EF77E /* Build configuration list for PBXNativeTarget "takachiho-goTests" */ = {
			isa = XCConfigurationList;
			buildConfigurations = (
				136A2CCB1D422A88004EF77E /* Debug */,
				136A2CCC1D422A88004EF77E /* Release */,
			);
			defaultConfigurationIsVisible = 0;
			defaultConfigurationName = Release;
		};
		136A2CCD1D422A88004EF77E /* Build configuration list for PBXNativeTarget "takachiho-goUITests" */ = {
			isa = XCConfigurationList;
			buildConfigurations = (
				136A2CCE1D422A88004EF77E /* Debug */,
				136A2CCF1D422A88004EF77E /* Release */,
			);
			defaultConfigurationIsVisible = 0;
			defaultConfigurationName = Release;
		};
/* End XCConfigurationList section */
	};
	rootObject = 136A2C951D422A88004EF77E /* Project object */;
}
